
Microsoft Visual Studio Solution File, Format Version 12.00
# Visual Studio Version 17
VisualStudioVersion = 17.6.33723.286
MinimumVisualStudioVersion = 10.0.40219.1
Project("{FAE04EC0-301F-11D3-BF4B-00C04F79EFBC}") = "Azure.Identity.Federation", "Azure.Identity.Federation\Azure.Identity.Federation.csproj", "{63BDB748-70EA-49D7-B335-BF1D5F25BD6D}"
EndProject
Global
	GlobalSection(SolutionConfigurationPlatforms) = preSolution
		Debug|Any CPU = Debug|Any CPU
		Release|Any CPU = Release|Any CPU
	EndGlobalSection
	GlobalSection(ProjectConfigurationPlatforms) = postSolution
		{63BDB748-70EA-49D7-B335-BF1D5F25BD6D}.Debug|Any CPU.ActiveCfg = Debug|Any CPU
		{63BDB748-70EA-49D7-B335-BF1D5F25BD6D}.Debug|Any CPU.Build.0 = Debug|Any CPU
		{63BDB748-70EA-49D7-B335-BF1D5F25BD6D}.Release|Any CPU.ActiveCfg = Release|Any CPU
		{63BDB748-70EA-49D7-B335-BF1D5F25BD6D}.Release|Any CPU.Build.0 = Release|Any CPU
	EndGlobalSection
	GlobalSection(SolutionProperties) = preSolution
		HideSolutionNode = FALSE
	EndGlobalSection
	GlobalSection(ExtensibilityGlobals) = postSolution
		SolutionGuid = {2323FAB7-9CE7-4CE4-BF1F-E86A79A506DB}
	EndGlobalSection
EndGlobal
